
Microsoft Visual Studio Solution File, Format Version 12.00
# Visual Studio Version 17
VisualStudioVersion = 17.13.36105.23 d17.13
MinimumVisualStudioVersion = 10.0.40219.1
Project("{FAE04EC0-301F-11D3-BF4B-00C04F79EFBC}") = "ProjektTimeseddel", "ProjektTimeseddel\ProjektTimeseddel.csproj", "{8AC94B00-C232-49FA-ADD0-8C0D5B36F5B5}"
EndProject
Global
	GlobalSection(SolutionConfigurationPlatforms) = preSolution
		Debug|Any CPU = Debug|Any CPU
		Release|Any CPU = Release|Any CPU
	EndGlobalSection
	GlobalSection(ProjectConfigurationPlatforms) = postSolution
		{8AC94B00-C232-49FA-ADD0-8C0D5B36F5B5}.Debug|Any CPU.ActiveCfg = Debug|Any CPU
		{8AC94B00-C232-49FA-ADD0-8C0D5B36F5B5}.Debug|Any CPU.Build.0 = Debug|Any CPU
		{8AC94B00-C232-49FA-ADD0-8C0D5B36F5B5}.Release|Any CPU.ActiveCfg = Release|Any CPU
		{8AC94B00-C232-49FA-ADD0-8C0D5B36F5B5}.Release|Any CPU.Build.0 = Release|Any CPU
	EndGlobalSection
	GlobalSection(SolutionProperties) = preSolution
		HideSolutionNode = FALSE
	EndGlobalSection
	GlobalSection(ExtensibilityGlobals) = postSolution
		SolutionGuid = {D360C81D-7588-4A5F-A3B8-459B01A1B561}
	EndGlobalSection
EndGlobal
